
Microsoft Visual Studio Solution File, Format Version 12.00
# Visual Studio Version 17
VisualStudioVersion = 17.14.36127.28 d17.14
MinimumVisualStudioVersion = 10.0.40219.1
Project("{FAE04EC0-301F-11D3-BF4B-00C04F79EFBC}") = "LoaderPenguin", "LoaderPenguin.csproj", "{BB0E959C-9E8E-4CDA-AA92-2AE7C5D24C06}"
EndProject
Global
	GlobalSection(SolutionConfigurationPlatforms) = preSolution
		Debug|Any CPU = Debug|Any CPU
		Release|Any CPU = Release|Any CPU
	EndGlobalSection
	GlobalSection(ProjectConfigurationPlatforms) = postSolution
		{BB0E959C-9E8E-4CDA-AA92-2AE7C5D24C06}.Debug|Any CPU.ActiveCfg = Debug|Any CPU
		{BB0E959C-9E8E-4CDA-AA92-2AE7C5D24C06}.Debug|Any CPU.Build.0 = Debug|Any CPU
		{BB0E959C-9E8E-4CDA-AA92-2AE7C5D24C06}.Release|Any CPU.ActiveCfg = Release|Any CPU
		{BB0E959C-9E8E-4CDA-AA92-2AE7C5D24C06}.Release|Any CPU.Build.0 = Release|Any CPU
	EndGlobalSection
	GlobalSection(SolutionProperties) = preSolution
		HideSolutionNode = FALSE
	EndGlobalSection
	GlobalSection(ExtensibilityGlobals) = postSolution
		SolutionGuid = {28ED1114-9CF1-43CB-BBDA-8FC1FCB4DCF8}
	EndGlobalSection
EndGlobal
